
Microsoft Visual Studio Solution File, Format Version 12.00
# Visual Studio Version 17
VisualStudioVersion = 17.14.36203.30 d17.14
MinimumVisualStudioVersion = 10.0.40219.1
Project("{FAE04EC0-301F-11D3-BF4B-00C04F79EFBC}") = "VoTruongPhuWPF", "VoTruongPhuWPF\VoTruongPhuWPF.csproj", "{04C69138-927F-4489-B490-E66487E7D425}"
EndProject
Project("{FAE04EC0-301F-11D3-BF4B-00C04F79EFBC}") = "BusinessObject", "BusinessObject\BusinessObject.csproj", "{6FB563B0-051C-4EF6-B387-78894F564EA4}"
EndProject
Project("{FAE04EC0-301F-11D3-BF4B-00C04F79EFBC}") = "DataAccessObject", "DataAccessObject\DataAccessObject.csproj", "{3E098CD8-B85D-462A-AF06-B106F9E95921}"
EndProject
Project("{FAE04EC0-301F-11D3-BF4B-00C04F79EFBC}") = "Respositories", "Respositories\Respositories.csproj", "{67AB3788-03B4-4E17-A151-33DB31DF9F9D}"
EndProject
Project("{FAE04EC0-301F-11D3-BF4B-00C04F79EFBC}") = "services", "services\services.csproj", "{5FB6E0B0-8FC5-4298-8FFD-21D9598EED7F}"
EndProject
Global
	GlobalSection(SolutionConfigurationPlatforms) = preSolution
		Debug|Any CPU = Debug|Any CPU
		Release|Any CPU = Release|Any CPU
	EndGlobalSection
	GlobalSection(ProjectConfigurationPlatforms) = postSolution
		{04C69138-927F-4489-B490-E66487E7D425}.Debug|Any CPU.ActiveCfg = Debug|Any CPU
		{04C69138-927F-4489-B490-E66487E7D425}.Debug|Any CPU.Build.0 = Debug|Any CPU
		{04C69138-927F-4489-B490-E66487E7D425}.Release|Any CPU.ActiveCfg = Release|Any CPU
		{04C69138-927F-4489-B490-E66487E7D425}.Release|Any CPU.Build.0 = Release|Any CPU
		{6FB563B0-051C-4EF6-B387-78894F564EA4}.Debug|Any CPU.ActiveCfg = Debug|Any CPU
		{6FB563B0-051C-4EF6-B387-78894F564EA4}.Debug|Any CPU.Build.0 = Debug|Any CPU
		{6FB563B0-051C-4EF6-B387-78894F564EA4}.Release|Any CPU.ActiveCfg = Release|Any CPU
		{6FB563B0-051C-4EF6-B387-78894F564EA4}.Release|Any CPU.Build.0 = Release|Any CPU
		{3E098CD8-B85D-462A-AF06-B106F9E95921}.Debug|Any CPU.ActiveCfg = Debug|Any CPU
		{3E098CD8-B85D-462A-AF06-B106F9E95921}.Debug|Any CPU.Build.0 = Debug|Any CPU
		{3E098CD8-B85D-462A-AF06-B106F9E95921}.Release|Any CPU.ActiveCfg = Release|Any CPU
		{3E098CD8-B85D-462A-AF06-B106F9E95921}.Release|Any CPU.Build.0 = Release|Any CPU
		{67AB3788-03B4-4E17-A151-33DB31DF9F9D}.Debug|Any CPU.ActiveCfg = Debug|Any CPU
		{67AB3788-03B4-4E17-A151-33DB31DF9F9D}.Debug|Any CPU.Build.0 = Debug|Any CPU
		{67AB3788-03B4-4E17-A151-33DB31DF9F9D}.Release|Any CPU.ActiveCfg = Release|Any CPU
		{67AB3788-03B4-4E17-A151-33DB31DF9F9D}.Release|Any CPU.Build.0 = Release|Any CPU
		{5FB6E0B0-8FC5-4298-8FFD-21D9598EED7F}.Debug|Any CPU.ActiveCfg = Debug|Any CPU
		{5FB6E0B0-8FC5-4298-8FFD-21D9598EED7F}.Debug|Any CPU.Build.0 = Debug|Any CPU
		{5FB6E0B0-8FC5-4298-8FFD-21D9598EED7F}.Release|Any CPU.ActiveCfg = Release|Any CPU
		{5FB6E0B0-8FC5-4298-8FFD-21D9598EED7F}.Release|Any CPU.Build.0 = Release|Any CPU
	EndGlobalSection
	GlobalSection(SolutionProperties) = preSolution
		HideSolutionNode = FALSE
	EndGlobalSection
	GlobalSection(ExtensibilityGlobals) = postSolution
		SolutionGuid = {764D9FA2-FED7-48DA-A7FA-5D5F9DC2C4C6}
	EndGlobalSection
EndGlobal
